
Microsoft Visual Studio Solution File, Format Version 12.00
# Visual Studio Version 17
VisualStudioVersion = 17.0.31903.59
MinimumVisualStudioVersion = 10.0.40219.1
Project("{2150E333-8FDC-42A3-9474-1A3956D46DE8}") = "src", "src", "{827E0CD3-B72D-47B6-A68D-7590B98EB39B}"
EndProject
Project("{FAE04EC0-301F-11D3-BF4B-00C04F79EFBC}") = "FlashyCardMaker.Core", "src\FlashyCardMaker.Core\FlashyCardMaker.Core.csproj", "{E6B43444-A626-4002-8EDE-58361878FFBE}"
EndProject
Project("{FAE04EC0-301F-11D3-BF4B-00C04F79EFBC}") = "FlashyCardMaker.Infrastructure", "src\FlashyCardMaker.Infrastructure\FlashyCardMaker.Infrastructure.csproj", "{A03AF1A2-2957-49EE-81FC-7720538EE880}"
EndProject
Project("{FAE04EC0-301F-11D3-BF4B-00C04F79EFBC}") = "FlashyCardMaker.UI.Cli", "src\FlashyCardMaker.UI.Cli\FlashyCardMaker.UI.Cli.csproj", "{525A1DBD-7772-470F-8772-15DA3D1EB4B5}"
EndProject
Project("{2150E333-8FDC-42A3-9474-1A3956D46DE8}") = "tests", "tests", "{0AB3BF05-4346-4AA6-1389-037BE0695223}"
EndProject
Project("{FAE04EC0-301F-11D3-BF4B-00C04F79EFBC}") = "FlashyCardMaker.Core.UnitTests", "tests\FlashyCardMaker.Core.UnitTests\FlashyCardMaker.Core.UnitTests.csproj", "{4700EF2F-1F82-4F5F-B987-7A18DCB33D3D}"
EndProject
Project("{FAE04EC0-301F-11D3-BF4B-00C04F79EFBC}") = "FlashyCardMaker.Infrastructure.IntegrationTests", "tests\FlashyCardMaker.Infrastructure.IntegrationTests\FlashyCardMaker.Infrastructure.IntegrationTests.csproj", "{5AC48757-E24F-4B86-BA1C-E59B8B5BA25C}"
EndProject
Project("{FAE04EC0-301F-11D3-BF4B-00C04F79EFBC}") = "FlashyCardMaker.Contracts.Tests", "tests\FlashyCardMaker.Contracts.Tests\FlashyCardMaker.Contracts.Tests.csproj", "{09680D74-074F-4D92-A63B-1E993159663F}"
EndProject
Project("{FAE04EC0-301F-11D3-BF4B-00C04F79EFBC}") = "FlashyCardMaker.UI.Cli.Tests", "tests\FlashyCardMaker.UI.Cli.Tests\FlashyCardMaker.UI.Cli.Tests.csproj", "{5B2CB6D5-79EC-4284-B7B2-1DD09C2E339B}"
EndProject
Global
	GlobalSection(SolutionConfigurationPlatforms) = preSolution
		Debug|Any CPU = Debug|Any CPU
		Debug|x64 = Debug|x64
		Debug|x86 = Debug|x86
		Release|Any CPU = Release|Any CPU
		Release|x64 = Release|x64
		Release|x86 = Release|x86
	EndGlobalSection
	GlobalSection(ProjectConfigurationPlatforms) = postSolution
		{E6B43444-A626-4002-8EDE-58361878FFBE}.Debug|Any CPU.ActiveCfg = Debug|Any CPU
		{E6B43444-A626-4002-8EDE-58361878FFBE}.Debug|Any CPU.Build.0 = Debug|Any CPU
		{E6B43444-A626-4002-8EDE-58361878FFBE}.Debug|x64.ActiveCfg = Debug|Any CPU
		{E6B43444-A626-4002-8EDE-58361878FFBE}.Debug|x64.Build.0 = Debug|Any CPU
		{E6B43444-A626-4002-8EDE-58361878FFBE}.Debug|x86.ActiveCfg = Debug|Any CPU
		{E6B43444-A626-4002-8EDE-58361878FFBE}.Debug|x86.Build.0 = Debug|Any CPU
		{E6B43444-A626-4002-8EDE-58361878FFBE}.Release|Any CPU.ActiveCfg = Release|Any CPU
		{E6B43444-A626-4002-8EDE-58361878FFBE}.Release|Any CPU.Build.0 = Release|Any CPU
		{E6B43444-A626-4002-8EDE-58361878FFBE}.Release|x64.ActiveCfg = Release|Any CPU
		{E6B43444-A626-4002-8EDE-58361878FFBE}.Release|x64.Build.0 = Release|Any CPU
		{E6B43444-A626-4002-8EDE-58361878FFBE}.Release|x86.ActiveCfg = Release|Any CPU
		{E6B43444-A626-4002-8EDE-58361878FFBE}.Release|x86.Build.0 = Release|Any CPU
		{A03AF1A2-2957-49EE-81FC-7720538EE880}.Debug|Any CPU.ActiveCfg = Debug|Any CPU
		{A03AF1A2-2957-49EE-81FC-7720538EE880}.Debug|Any CPU.Build.0 = Debug|Any CPU
		{A03AF1A2-2957-49EE-81FC-7720538EE880}.Debug|x64.ActiveCfg = Debug|Any CPU
		{A03AF1A2-2957-49EE-81FC-7720538EE880}.Debug|x64.Build.0 = Debug|Any CPU
		{A03AF1A2-2957-49EE-81FC-7720538EE880}.Debug|x86.ActiveCfg = Debug|Any CPU
		{A03AF1A2-2957-49EE-81FC-7720538EE880}.Debug|x86.Build.0 = Debug|Any CPU
		{A03AF1A2-2957-49EE-81FC-7720538EE880}.Release|Any CPU.ActiveCfg = Release|Any CPU
		{A03AF1A2-2957-49EE-81FC-7720538EE880}.Release|Any CPU.Build.0 = Release|Any CPU
		{A03AF1A2-2957-49EE-81FC-7720538EE880}.Release|x64.ActiveCfg = Release|Any CPU
		{A03AF1A2-2957-49EE-81FC-7720538EE880}.Release|x64.Build.0 = Release|Any CPU
		{A03AF1A2-2957-49EE-81FC-7720538EE880}.Release|x86.ActiveCfg = Release|Any CPU
		{A03AF1A2-2957-49EE-81FC-7720538EE880}.Release|x86.Build.0 = Release|Any CPU
		{525A1DBD-7772-470F-8772-15DA3D1EB4B5}.Debug|Any CPU.ActiveCfg = Debug|Any CPU
		{525A1DBD-7772-470F-8772-15DA3D1EB4B5}.Debug|Any CPU.Build.0 = Debug|Any CPU
		{525A1DBD-7772-470F-8772-15DA3D1EB4B5}.Debug|x64.ActiveCfg = Debug|Any CPU
		{525A1DBD-7772-470F-8772-15DA3D1EB4B5}.Debug|x64.Build.0 = Debug|Any CPU
		{525A1DBD-7772-470F-8772-15DA3D1EB4B5}.Debug|x86.ActiveCfg = Debug|Any CPU
		{525A1DBD-7772-470F-8772-15DA3D1EB4B5}.Debug|x86.Build.0 = Debug|Any CPU
		{525A1DBD-7772-470F-8772-15DA3D1EB4B5}.Release|Any CPU.ActiveCfg = Release|Any CPU
		{525A1DBD-7772-470F-8772-15DA3D1EB4B5}.Release|Any CPU.Build.0 = Release|Any CPU
		{525A1DBD-7772-470F-8772-15DA3D1EB4B5}.Release|x64.ActiveCfg = Release|Any CPU
		{525A1DBD-7772-470F-8772-15DA3D1EB4B5}.Release|x64.Build.0 = Release|Any CPU
		{525A1DBD-7772-470F-8772-15DA3D1EB4B5}.Release|x86.ActiveCfg = Release|Any CPU
		{525A1DBD-7772-470F-8772-15DA3D1EB4B5}.Release|x86.Build.0 = Release|Any CPU
		{4700EF2F-1F82-4F5F-B987-7A18DCB33D3D}.Debug|Any CPU.ActiveCfg = Debug|Any CPU
		{4700EF2F-1F82-4F5F-B987-7A18DCB33D3D}.Debug|Any CPU.Build.0 = Debug|Any CPU
		{4700EF2F-1F82-4F5F-B987-7A18DCB33D3D}.Debug|x64.ActiveCfg = Debug|Any CPU
		{4700EF2F-1F82-4F5F-B987-7A18DCB33D3D}.Debug|x64.Build.0 = Debug|Any CPU
		{4700EF2F-1F82-4F5F-B987-7A18DCB33D3D}.Debug|x86.ActiveCfg = Debug|Any CPU
		{4700EF2F-1F82-4F5F-B987-7A18DCB33D3D}.Debug|x86.Build.0 = Debug|Any CPU
		{4700EF2F-1F82-4F5F-B987-7A18DCB33D3D}.Release|Any CPU.ActiveCfg = Release|Any CPU
		{4700EF2F-1F82-4F5F-B987-7A18DCB33D3D}.Release|Any CPU.Build.0 = Release|Any CPU
		{4700EF2F-1F82-4F5F-B987-7A18DCB33D3D}.Release|x64.ActiveCfg = Release|Any CPU
		{4700EF2F-1F82-4F5F-B987-7A18DCB33D3D}.Release|x64.Build.0 = Release|Any CPU
		{4700EF2F-1F82-4F5F-B987-7A18DCB33D3D}.Release|x86.ActiveCfg = Release|Any CPU
		{4700EF2F-1F82-4F5F-B987-7A18DCB33D3D}.Release|x86.Build.0 = Release|Any CPU
		{5AC48757-E24F-4B86-BA1C-E59B8B5BA25C}.Debug|Any CPU.ActiveCfg = Debug|Any CPU
		{5AC48757-E24F-4B86-BA1C-E59B8B5BA25C}.Debug|Any CPU.Build.0 = Debug|Any CPU
		{5AC48757-E24F-4B86-BA1C-E59B8B5BA25C}.Debug|x64.ActiveCfg = Debug|Any CPU
		{5AC48757-E24F-4B86-BA1C-E59B8B5BA25C}.Debug|x64.Build.0 = Debug|Any CPU
		{5AC48757-E24F-4B86-BA1C-E59B8B5BA25C}.Debug|x86.ActiveCfg = Debug|Any CPU
		{5AC48757-E24F-4B86-BA1C-E59B8B5BA25C}.Debug|x86.Build.0 = Debug|Any CPU
		{5AC48757-E24F-4B86-BA1C-E59B8B5BA25C}.Release|Any CPU.ActiveCfg = Release|Any CPU
		{5AC48757-E24F-4B86-BA1C-E59B8B5BA25C}.Release|Any CPU.Build.0 = Release|Any CPU
		{5AC48757-E24F-4B86-BA1C-E59B8B5BA25C}.Release|x64.ActiveCfg = Release|Any CPU
		{5AC48757-E24F-4B86-BA1C-E59B8B5BA25C}.Release|x64.Build.0 = Release|Any CPU
		{5AC48757-E24F-4B86-BA1C-E59B8B5BA25C}.Release|x86.ActiveCfg = Release|Any CPU
		{5AC48757-E24F-4B86-BA1C-E59B8B5BA25C}.Release|x86.Build.0 = Release|Any CPU
		{09680D74-074F-4D92-A63B-1E993159663F}.Debug|Any CPU.ActiveCfg = Debug|Any CPU
		{09680D74-074F-4D92-A63B-1E993159663F}.Debug|Any CPU.Build.0 = Debug|Any CPU
		{09680D74-074F-4D92-A63B-1E993159663F}.Debug|x64.ActiveCfg = Debug|Any CPU
		{09680D74-074F-4D92-A63B-1E993159663F}.Debug|x64.Build.0 = Debug|Any CPU
		{09680D74-074F-4D92-A63B-1E993159663F}.Debug|x86.ActiveCfg = Debug|Any CPU
		{09680D74-074F-4D92-A63B-1E993159663F}.Debug|x86.Build.0 = Debug|Any CPU
		{09680D74-074F-4D92-A63B-1E993159663F}.Release|Any CPU.ActiveCfg = Release|Any CPU
		{09680D74-074F-4D92-A63B-1E993159663F}.Release|Any CPU.Build.0 = Release|Any CPU
		{09680D74-074F-4D92-A63B-1E993159663F}.Release|x64.ActiveCfg = Release|Any CPU
		{09680D74-074F-4D92-A63B-1E993159663F}.Release|x64.Build.0 = Release|Any CPU
		{09680D74-074F-4D92-A63B-1E993159663F}.Release|x86.ActiveCfg = Release|Any CPU
		{09680D74-074F-4D92-A63B-1E993159663F}.Release|x86.Build.0 = Release|Any CPU
		{5B2CB6D5-79EC-4284-B7B2-1DD09C2E339B}.Debug|Any CPU.ActiveCfg = Debug|Any CPU
		{5B2CB6D5-79EC-4284-B7B2-1DD09C2E339B}.Debug|Any CPU.Build.0 = Debug|Any CPU
		{5B2CB6D5-79EC-4284-B7B2-1DD09C2E339B}.Debug|x64.ActiveCfg = Debug|Any CPU
		{5B2CB6D5-79EC-4284-B7B2-1DD09C2E339B}.Debug|x64.Build.0 = Debug|Any CPU
		{5B2CB6D5-79EC-4284-B7B2-1DD09C2E339B}.Debug|x86.ActiveCfg = Debug|Any CPU
		{5B2CB6D5-79EC-4284-B7B2-1DD09C2E339B}.Debug|x86.Build.0 = Debug|Any CPU
		{5B2CB6D5-79EC-4284-B7B2-1DD09C2E339B}.Release|Any CPU.ActiveCfg = Release|Any CPU
		{5B2CB6D5-79EC-4284-B7B2-1DD09C2E339B}.Release|Any CPU.Build.0 = Release|Any CPU
		{5B2CB6D5-79EC-4284-B7B2-1DD09C2E339B}.Release|x64.ActiveCfg = Release|Any CPU
		{5B2CB6D5-79EC-4284-B7B2-1DD09C2E339B}.Release|x64.Build.0 = Release|Any CPU
		{5B2CB6D5-79EC-4284-B7B2-1DD09C2E339B}.Release|x86.ActiveCfg = Release|Any CPU
		{5B2CB6D5-79EC-4284-B7B2-1DD09C2E339B}.Release|x86.Build.0 = Release|Any CPU
	EndGlobalSection
	GlobalSection(SolutionProperties) = preSolution
		HideSolutionNode = FALSE
	EndGlobalSection
	GlobalSection(NestedProjects) = preSolution
		{E6B43444-A626-4002-8EDE-58361878FFBE} = {827E0CD3-B72D-47B6-A68D-7590B98EB39B}
		{A03AF1A2-2957-49EE-81FC-7720538EE880} = {827E0CD3-B72D-47B6-A68D-7590B98EB39B}
		{525A1DBD-7772-470F-8772-15DA3D1EB4B5} = {827E0CD3-B72D-47B6-A68D-7590B98EB39B}
		{4700EF2F-1F82-4F5F-B987-7A18DCB33D3D} = {0AB3BF05-4346-4AA6-1389-037BE0695223}
		{5AC48757-E24F-4B86-BA1C-E59B8B5BA25C} = {0AB3BF05-4346-4AA6-1389-037BE0695223}
		{09680D74-074F-4D92-A63B-1E993159663F} = {0AB3BF05-4346-4AA6-1389-037BE0695223}
		{5B2CB6D5-79EC-4284-B7B2-1DD09C2E339B} = {0AB3BF05-4346-4AA6-1389-037BE0695223}
	EndGlobalSection
EndGlobal
